
Microsoft Visual Studio Solution File, Format Version 12.00
# Visual Studio Version 17
VisualStudioVersion = 17.7.34009.444
MinimumVisualStudioVersion = 10.0.40219.1
Project("{FAE04EC0-301F-11D3-BF4B-00C04F79EFBC}") = "QL_XEKHACH", "QL_XEKHACH\QL_XEKHACH.csproj", "{CC814D27-BE97-47CE-9B2D-6F32F0634537}"
EndProject
Global
	GlobalSection(SolutionConfigurationPlatforms) = preSolution
		Debug|Any CPU = Debug|Any CPU
		Release|Any CPU = Release|Any CPU
	EndGlobalSection
	GlobalSection(ProjectConfigurationPlatforms) = postSolution
		{CC814D27-BE97-47CE-9B2D-6F32F0634537}.Debug|Any CPU.ActiveCfg = Debug|Any CPU
		{CC814D27-BE97-47CE-9B2D-6F32F0634537}.Debug|Any CPU.Build.0 = Debug|Any CPU
		{CC814D27-BE97-47CE-9B2D-6F32F0634537}.Release|Any CPU.ActiveCfg = Release|Any CPU
		{CC814D27-BE97-47CE-9B2D-6F32F0634537}.Release|Any CPU.Build.0 = Release|Any CPU
	EndGlobalSection
	GlobalSection(SolutionProperties) = preSolution
		HideSolutionNode = FALSE
	EndGlobalSection
	GlobalSection(ExtensibilityGlobals) = postSolution
		SolutionGuid = {570CF081-A674-4575-8EF1-9B94B91085DC}
	EndGlobalSection
EndGlobal
